
Microsoft Visual Studio Solution File, Format Version 12.00
# Visual Studio Version 17
VisualStudioVersion = 17.0.31903.59
MinimumVisualStudioVersion = 10.0.40219.1
Project("{2150E333-8FDC-42A3-9474-1A3956D46DE8}") = "src", "src", "{827E0CD3-B72D-47B6-A68D-7590B98EB39B}"
EndProject
Project("{FAE04EC0-301F-11D3-BF4B-00C04F79EFBC}") = "VfdControl.Domain", "src\VfdControl.Domain\VfdControl.Domain.csproj", "{ABB7B638-6363-4A1F-A878-573AB022664C}"
EndProject
Project("{FAE04EC0-301F-11D3-BF4B-00C04F79EFBC}") = "VfdControl.Contracts", "src\VfdControl.Contracts\VfdControl.Contracts.csproj", "{FD05027E-80D9-49FD-95B3-4A07DD37B6A9}"
EndProject
Project("{FAE04EC0-301F-11D3-BF4B-00C04F79EFBC}") = "VfdControl.Application", "src\VfdControl.Application\VfdControl.Application.csproj", "{34BD5C71-86BE-4288-A409-AF3A181BBCC5}"
EndProject
Project("{FAE04EC0-301F-11D3-BF4B-00C04F79EFBC}") = "VfdControl.Infrastructure", "src\VfdControl.Infrastructure\VfdControl.Infrastructure.csproj", "{8CD3B7F2-96A4-4572-B316-3BBB0D28F584}"
EndProject
Project("{FAE04EC0-301F-11D3-BF4B-00C04F79EFBC}") = "VfdControl.Presentation", "src\VfdControl.Presentation\VfdControl.Presentation.csproj", "{FEA87BC0-9E5A-4649-A506-8171483D32DE}"
EndProject
Project("{FAE04EC0-301F-11D3-BF4B-00C04F79EFBC}") = "VfdControl.App", "src\VfdControl.App\VfdControl.App.csproj", "{E9C6BB27-3E6E-42F5-913A-6AFFA5622DCB}"
EndProject
Project("{2150E333-8FDC-42A3-9474-1A3956D46DE8}") = "tests", "tests", "{0AB3BF05-4346-4AA6-1389-037BE0695223}"
EndProject
Project("{FAE04EC0-301F-11D3-BF4B-00C04F79EFBC}") = "VfdControl.Domain.Tests", "tests\VfdControl.Domain.Tests\VfdControl.Domain.Tests.csproj", "{3C725A6F-10D3-4510-8C89-E0CD9A6C6253}"
EndProject
Project("{FAE04EC0-301F-11D3-BF4B-00C04F79EFBC}") = "VfdControl.Application.Tests", "tests\VfdControl.Application.Tests\VfdControl.Application.Tests.csproj", "{12DDFE64-3C15-480D-A4CF-AC255EE7B638}"
EndProject
Project("{FAE04EC0-301F-11D3-BF4B-00C04F79EFBC}") = "VfdControl.Infrastructure.Tests", "tests\VfdControl.Infrastructure.Tests\VfdControl.Infrastructure.Tests.csproj", "{87BD060D-D21A-47FB-858A-37B1A7B5F322}"
EndProject
Project("{FAE04EC0-301F-11D3-BF4B-00C04F79EFBC}") = "VfdControl.Presentation.Tests", "tests\VfdControl.Presentation.Tests\VfdControl.Presentation.Tests.csproj", "{3EEAA898-9603-4F1D-B18C-D133DB0FE364}"
EndProject
Project("{FAE04EC0-301F-11D3-BF4B-00C04F79EFBC}") = "VfdControl.App.Tests", "tests\VfdControl.App.Tests\VfdControl.App.Tests.csproj", "{3D91FA79-1A9A-4536-979A-6E399A99B30A}"
EndProject
Global
	GlobalSection(SolutionConfigurationPlatforms) = preSolution
		Debug|Any CPU = Debug|Any CPU
		Debug|x64 = Debug|x64
		Debug|x86 = Debug|x86
		Release|Any CPU = Release|Any CPU
		Release|x64 = Release|x64
		Release|x86 = Release|x86
	EndGlobalSection
	GlobalSection(ProjectConfigurationPlatforms) = postSolution
		{ABB7B638-6363-4A1F-A878-573AB022664C}.Debug|Any CPU.ActiveCfg = Debug|Any CPU
		{ABB7B638-6363-4A1F-A878-573AB022664C}.Debug|Any CPU.Build.0 = Debug|Any CPU
		{ABB7B638-6363-4A1F-A878-573AB022664C}.Debug|x64.ActiveCfg = Debug|Any CPU
		{ABB7B638-6363-4A1F-A878-573AB022664C}.Debug|x64.Build.0 = Debug|Any CPU
		{ABB7B638-6363-4A1F-A878-573AB022664C}.Debug|x86.ActiveCfg = Debug|Any CPU
		{ABB7B638-6363-4A1F-A878-573AB022664C}.Debug|x86.Build.0 = Debug|Any CPU
		{ABB7B638-6363-4A1F-A878-573AB022664C}.Release|Any CPU.ActiveCfg = Release|Any CPU
		{ABB7B638-6363-4A1F-A878-573AB022664C}.Release|Any CPU.Build.0 = Release|Any CPU
		{ABB7B638-6363-4A1F-A878-573AB022664C}.Release|x64.ActiveCfg = Release|Any CPU
		{ABB7B638-6363-4A1F-A878-573AB022664C}.Release|x64.Build.0 = Release|Any CPU
		{ABB7B638-6363-4A1F-A878-573AB022664C}.Release|x86.ActiveCfg = Release|Any CPU
		{ABB7B638-6363-4A1F-A878-573AB022664C}.Release|x86.Build.0 = Release|Any CPU
		{FD05027E-80D9-49FD-95B3-4A07DD37B6A9}.Debug|Any CPU.ActiveCfg = Debug|Any CPU
		{FD05027E-80D9-49FD-95B3-4A07DD37B6A9}.Debug|Any CPU.Build.0 = Debug|Any CPU
		{FD05027E-80D9-49FD-95B3-4A07DD37B6A9}.Debug|x64.ActiveCfg = Debug|Any CPU
		{FD05027E-80D9-49FD-95B3-4A07DD37B6A9}.Debug|x64.Build.0 = Debug|Any CPU
		{FD05027E-80D9-49FD-95B3-4A07DD37B6A9}.Debug|x86.ActiveCfg = Debug|Any CPU
		{FD05027E-80D9-49FD-95B3-4A07DD37B6A9}.Debug|x86.Build.0 = Debug|Any CPU
		{FD05027E-80D9-49FD-95B3-4A07DD37B6A9}.Release|Any CPU.ActiveCfg = Release|Any CPU
		{FD05027E-80D9-49FD-95B3-4A07DD37B6A9}.Release|Any CPU.Build.0 = Release|Any CPU
		{FD05027E-80D9-49FD-95B3-4A07DD37B6A9}.Release|x64.ActiveCfg = Release|Any CPU
		{FD05027E-80D9-49FD-95B3-4A07DD37B6A9}.Release|x64.Build.0 = Release|Any CPU
		{FD05027E-80D9-49FD-95B3-4A07DD37B6A9}.Release|x86.ActiveCfg = Release|Any CPU
		{FD05027E-80D9-49FD-95B3-4A07DD37B6A9}.Release|x86.Build.0 = Release|Any CPU
		{34BD5C71-86BE-4288-A409-AF3A181BBCC5}.Debug|Any CPU.ActiveCfg = Debug|Any CPU
		{34BD5C71-86BE-4288-A409-AF3A181BBCC5}.Debug|Any CPU.Build.0 = Debug|Any CPU
		{34BD5C71-86BE-4288-A409-AF3A181BBCC5}.Debug|x64.ActiveCfg = Debug|Any CPU
		{34BD5C71-86BE-4288-A409-AF3A181BBCC5}.Debug|x64.Build.0 = Debug|Any CPU
		{34BD5C71-86BE-4288-A409-AF3A181BBCC5}.Debug|x86.ActiveCfg = Debug|Any CPU
		{34BD5C71-86BE-4288-A409-AF3A181BBCC5}.Debug|x86.Build.0 = Debug|Any CPU
		{34BD5C71-86BE-4288-A409-AF3A181BBCC5}.Release|Any CPU.ActiveCfg = Release|Any CPU
		{34BD5C71-86BE-4288-A409-AF3A181BBCC5}.Release|Any CPU.Build.0 = Release|Any CPU
		{34BD5C71-86BE-4288-A409-AF3A181BBCC5}.Release|x64.ActiveCfg = Release|Any CPU
		{34BD5C71-86BE-4288-A409-AF3A181BBCC5}.Release|x64.Build.0 = Release|Any CPU
		{34BD5C71-86BE-4288-A409-AF3A181BBCC5}.Release|x86.ActiveCfg = Release|Any CPU
		{34BD5C71-86BE-4288-A409-AF3A181BBCC5}.Release|x86.Build.0 = Release|Any CPU
		{8CD3B7F2-96A4-4572-B316-3BBB0D28F584}.Debug|Any CPU.ActiveCfg = Debug|Any CPU
		{8CD3B7F2-96A4-4572-B316-3BBB0D28F584}.Debug|Any CPU.Build.0 = Debug|Any CPU
		{8CD3B7F2-96A4-4572-B316-3BBB0D28F584}.Debug|x64.ActiveCfg = Debug|Any CPU
		{8CD3B7F2-96A4-4572-B316-3BBB0D28F584}.Debug|x64.Build.0 = Debug|Any CPU
		{8CD3B7F2-96A4-4572-B316-3BBB0D28F584}.Debug|x86.ActiveCfg = Debug|Any CPU
		{8CD3B7F2-96A4-4572-B316-3BBB0D28F584}.Debug|x86.Build.0 = Debug|Any CPU
		{8CD3B7F2-96A4-4572-B316-3BBB0D28F584}.Release|Any CPU.ActiveCfg = Release|Any CPU
		{8CD3B7F2-96A4-4572-B316-3BBB0D28F584}.Release|Any CPU.Build.0 = Release|Any CPU
		{8CD3B7F2-96A4-4572-B316-3BBB0D28F584}.Release|x64.ActiveCfg = Release|Any CPU
		{8CD3B7F2-96A4-4572-B316-3BBB0D28F584}.Release|x64.Build.0 = Release|Any CPU
		{8CD3B7F2-96A4-4572-B316-3BBB0D28F584}.Release|x86.ActiveCfg = Release|Any CPU
		{8CD3B7F2-96A4-4572-B316-3BBB0D28F584}.Release|x86.Build.0 = Release|Any CPU
		{FEA87BC0-9E5A-4649-A506-8171483D32DE}.Debug|Any CPU.ActiveCfg = Debug|Any CPU
		{FEA87BC0-9E5A-4649-A506-8171483D32DE}.Debug|Any CPU.Build.0 = Debug|Any CPU
		{FEA87BC0-9E5A-4649-A506-8171483D32DE}.Debug|x64.ActiveCfg = Debug|Any CPU
		{FEA87BC0-9E5A-4649-A506-8171483D32DE}.Debug|x64.Build.0 = Debug|Any CPU
		{FEA87BC0-9E5A-4649-A506-8171483D32DE}.Debug|x86.ActiveCfg = Debug|Any CPU
		{FEA87BC0-9E5A-4649-A506-8171483D32DE}.Debug|x86.Build.0 = Debug|Any CPU
		{FEA87BC0-9E5A-4649-A506-8171483D32DE}.Release|Any CPU.ActiveCfg = Release|Any CPU
		{FEA87BC0-9E5A-4649-A506-8171483D32DE}.Release|Any CPU.Build.0 = Release|Any CPU
		{FEA87BC0-9E5A-4649-A506-8171483D32DE}.Release|x64.ActiveCfg = Release|Any CPU
		{FEA87BC0-9E5A-4649-A506-8171483D32DE}.Release|x64.Build.0 = Release|Any CPU
		{FEA87BC0-9E5A-4649-A506-8171483D32DE}.Release|x86.ActiveCfg = Release|Any CPU
		{FEA87BC0-9E5A-4649-A506-8171483D32DE}.Release|x86.Build.0 = Release|Any CPU
		{E9C6BB27-3E6E-42F5-913A-6AFFA5622DCB}.Debug|Any CPU.ActiveCfg = Debug|Any CPU
		{E9C6BB27-3E6E-42F5-913A-6AFFA5622DCB}.Debug|Any CPU.Build.0 = Debug|Any CPU
		{E9C6BB27-3E6E-42F5-913A-6AFFA5622DCB}.Debug|x64.ActiveCfg = Debug|Any CPU
		{E9C6BB27-3E6E-42F5-913A-6AFFA5622DCB}.Debug|x64.Build.0 = Debug|Any CPU
		{E9C6BB27-3E6E-42F5-913A-6AFFA5622DCB}.Debug|x86.ActiveCfg = Debug|Any CPU
		{E9C6BB27-3E6E-42F5-913A-6AFFA5622DCB}.Debug|x86.Build.0 = Debug|Any CPU
		{E9C6BB27-3E6E-42F5-913A-6AFFA5622DCB}.Release|Any CPU.ActiveCfg = Release|Any CPU
		{E9C6BB27-3E6E-42F5-913A-6AFFA5622DCB}.Release|Any CPU.Build.0 = Release|Any CPU
		{E9C6BB27-3E6E-42F5-913A-6AFFA5622DCB}.Release|x64.ActiveCfg = Release|Any CPU
		{E9C6BB27-3E6E-42F5-913A-6AFFA5622DCB}.Release|x64.Build.0 = Release|Any CPU
		{E9C6BB27-3E6E-42F5-913A-6AFFA5622DCB}.Release|x86.ActiveCfg = Release|Any CPU
		{E9C6BB27-3E6E-42F5-913A-6AFFA5622DCB}.Release|x86.Build.0 = Release|Any CPU
		{3C725A6F-10D3-4510-8C89-E0CD9A6C6253}.Debug|Any CPU.ActiveCfg = Debug|Any CPU
		{3C725A6F-10D3-4510-8C89-E0CD9A6C6253}.Debug|Any CPU.Build.0 = Debug|Any CPU
		{3C725A6F-10D3-4510-8C89-E0CD9A6C6253}.Debug|x64.ActiveCfg = Debug|Any CPU
		{3C725A6F-10D3-4510-8C89-E0CD9A6C6253}.Debug|x64.Build.0 = Debug|Any CPU
		{3C725A6F-10D3-4510-8C89-E0CD9A6C6253}.Debug|x86.ActiveCfg = Debug|Any CPU
		{3C725A6F-10D3-4510-8C89-E0CD9A6C6253}.Debug|x86.Build.0 = Debug|Any CPU
		{3C725A6F-10D3-4510-8C89-E0CD9A6C6253}.Release|Any CPU.ActiveCfg = Release|Any CPU
		{3C725A6F-10D3-4510-8C89-E0CD9A6C6253}.Release|Any CPU.Build.0 = Release|Any CPU
		{3C725A6F-10D3-4510-8C89-E0CD9A6C6253}.Release|x64.ActiveCfg = Release|Any CPU
		{3C725A6F-10D3-4510-8C89-E0CD9A6C6253}.Release|x64.Build.0 = Release|Any CPU
		{3C725A6F-10D3-4510-8C89-E0CD9A6C6253}.Release|x86.ActiveCfg = Release|Any CPU
		{3C725A6F-10D3-4510-8C89-E0CD9A6C6253}.Release|x86.Build.0 = Release|Any CPU
		{12DDFE64-3C15-480D-A4CF-AC255EE7B638}.Debug|Any CPU.ActiveCfg = Debug|Any CPU
		{12DDFE64-3C15-480D-A4CF-AC255EE7B638}.Debug|Any CPU.Build.0 = Debug|Any CPU
		{12DDFE64-3C15-480D-A4CF-AC255EE7B638}.Debug|x64.ActiveCfg = Debug|Any CPU
		{12DDFE64-3C15-480D-A4CF-AC255EE7B638}.Debug|x64.Build.0 = Debug|Any CPU
		{12DDFE64-3C15-480D-A4CF-AC255EE7B638}.Debug|x86.ActiveCfg = Debug|Any CPU
		{12DDFE64-3C15-480D-A4CF-AC255EE7B638}.Debug|x86.Build.0 = Debug|Any CPU
		{12DDFE64-3C15-480D-A4CF-AC255EE7B638}.Release|Any CPU.ActiveCfg = Release|Any CPU
		{12DDFE64-3C15-480D-A4CF-AC255EE7B638}.Release|Any CPU.Build.0 = Release|Any CPU
		{12DDFE64-3C15-480D-A4CF-AC255EE7B638}.Release|x64.ActiveCfg = Release|Any CPU
		{12DDFE64-3C15-480D-A4CF-AC255EE7B638}.Release|x64.Build.0 = Release|Any CPU
		{12DDFE64-3C15-480D-A4CF-AC255EE7B638}.Release|x86.ActiveCfg = Release|Any CPU
		{12DDFE64-3C15-480D-A4CF-AC255EE7B638}.Release|x86.Build.0 = Release|Any CPU
		{87BD060D-D21A-47FB-858A-37B1A7B5F322}.Debug|Any CPU.ActiveCfg = Debug|Any CPU
		{87BD060D-D21A-47FB-858A-37B1A7B5F322}.Debug|Any CPU.Build.0 = Debug|Any CPU
		{87BD060D-D21A-47FB-858A-37B1A7B5F322}.Debug|x64.ActiveCfg = Debug|Any CPU
		{87BD060D-D21A-47FB-858A-37B1A7B5F322}.Debug|x64.Build.0 = Debug|Any CPU
		{87BD060D-D21A-47FB-858A-37B1A7B5F322}.Debug|x86.ActiveCfg = Debug|Any CPU
		{87BD060D-D21A-47FB-858A-37B1A7B5F322}.Debug|x86.Build.0 = Debug|Any CPU
		{87BD060D-D21A-47FB-858A-37B1A7B5F322}.Release|Any CPU.ActiveCfg = Release|Any CPU
		{87BD060D-D21A-47FB-858A-37B1A7B5F322}.Release|Any CPU.Build.0 = Release|Any CPU
		{87BD060D-D21A-47FB-858A-37B1A7B5F322}.Release|x64.ActiveCfg = Release|Any CPU
		{87BD060D-D21A-47FB-858A-37B1A7B5F322}.Release|x64.Build.0 = Release|Any CPU
		{87BD060D-D21A-47FB-858A-37B1A7B5F322}.Release|x86.ActiveCfg = Release|Any CPU
		{87BD060D-D21A-47FB-858A-37B1A7B5F322}.Release|x86.Build.0 = Release|Any CPU
		{3EEAA898-9603-4F1D-B18C-D133DB0FE364}.Debug|Any CPU.ActiveCfg = Debug|Any CPU
		{3EEAA898-9603-4F1D-B18C-D133DB0FE364}.Debug|Any CPU.Build.0 = Debug|Any CPU
		{3EEAA898-9603-4F1D-B18C-D133DB0FE364}.Debug|x64.ActiveCfg = Debug|Any CPU
		{3EEAA898-9603-4F1D-B18C-D133DB0FE364}.Debug|x64.Build.0 = Debug|Any CPU
		{3EEAA898-9603-4F1D-B18C-D133DB0FE364}.Debug|x86.ActiveCfg = Debug|Any CPU
		{3EEAA898-9603-4F1D-B18C-D133DB0FE364}.Debug|x86.Build.0 = Debug|Any CPU
		{3EEAA898-9603-4F1D-B18C-D133DB0FE364}.Release|Any CPU.ActiveCfg = Release|Any CPU
		{3EEAA898-9603-4F1D-B18C-D133DB0FE364}.Release|Any CPU.Build.0 = Release|Any CPU
		{3EEAA898-9603-4F1D-B18C-D133DB0FE364}.Release|x64.ActiveCfg = Release|Any CPU
		{3EEAA898-9603-4F1D-B18C-D133DB0FE364}.Release|x64.Build.0 = Release|Any CPU
		{3EEAA898-9603-4F1D-B18C-D133DB0FE364}.Release|x86.ActiveCfg = Release|Any CPU
		{3EEAA898-9603-4F1D-B18C-D133DB0FE364}.Release|x86.Build.0 = Release|Any CPU
		{3D91FA79-1A9A-4536-979A-6E399A99B30A}.Debug|Any CPU.ActiveCfg = Debug|Any CPU
		{3D91FA79-1A9A-4536-979A-6E399A99B30A}.Debug|Any CPU.Build.0 = Debug|Any CPU
		{3D91FA79-1A9A-4536-979A-6E399A99B30A}.Debug|x64.ActiveCfg = Debug|Any CPU
		{3D91FA79-1A9A-4536-979A-6E399A99B30A}.Debug|x64.Build.0 = Debug|Any CPU
		{3D91FA79-1A9A-4536-979A-6E399A99B30A}.Debug|x86.ActiveCfg = Debug|Any CPU
		{3D91FA79-1A9A-4536-979A-6E399A99B30A}.Debug|x86.Build.0 = Debug|Any CPU
		{3D91FA79-1A9A-4536-979A-6E399A99B30A}.Release|Any CPU.ActiveCfg = Release|Any CPU
		{3D91FA79-1A9A-4536-979A-6E399A99B30A}.Release|Any CPU.Build.0 = Release|Any CPU
		{3D91FA79-1A9A-4536-979A-6E399A99B30A}.Release|x64.ActiveCfg = Release|Any CPU
		{3D91FA79-1A9A-4536-979A-6E399A99B30A}.Release|x64.Build.0 = Release|Any CPU
		{3D91FA79-1A9A-4536-979A-6E399A99B30A}.Release|x86.ActiveCfg = Release|Any CPU
		{3D91FA79-1A9A-4536-979A-6E399A99B30A}.Release|x86.Build.0 = Release|Any CPU
	EndGlobalSection
	GlobalSection(SolutionProperties) = preSolution
		HideSolutionNode = FALSE
	EndGlobalSection
	GlobalSection(NestedProjects) = preSolution
		{ABB7B638-6363-4A1F-A878-573AB022664C} = {827E0CD3-B72D-47B6-A68D-7590B98EB39B}
		{FD05027E-80D9-49FD-95B3-4A07DD37B6A9} = {827E0CD3-B72D-47B6-A68D-7590B98EB39B}
		{34BD5C71-86BE-4288-A409-AF3A181BBCC5} = {827E0CD3-B72D-47B6-A68D-7590B98EB39B}
		{8CD3B7F2-96A4-4572-B316-3BBB0D28F584} = {827E0CD3-B72D-47B6-A68D-7590B98EB39B}
		{FEA87BC0-9E5A-4649-A506-8171483D32DE} = {827E0CD3-B72D-47B6-A68D-7590B98EB39B}
		{E9C6BB27-3E6E-42F5-913A-6AFFA5622DCB} = {827E0CD3-B72D-47B6-A68D-7590B98EB39B}
		{3C725A6F-10D3-4510-8C89-E0CD9A6C6253} = {0AB3BF05-4346-4AA6-1389-037BE0695223}
		{12DDFE64-3C15-480D-A4CF-AC255EE7B638} = {0AB3BF05-4346-4AA6-1389-037BE0695223}
		{87BD060D-D21A-47FB-858A-37B1A7B5F322} = {0AB3BF05-4346-4AA6-1389-037BE0695223}
		{3EEAA898-9603-4F1D-B18C-D133DB0FE364} = {0AB3BF05-4346-4AA6-1389-037BE0695223}
		{3D91FA79-1A9A-4536-979A-6E399A99B30A} = {0AB3BF05-4346-4AA6-1389-037BE0695223}
	EndGlobalSection
EndGlobal
